{
  "version": "3",
  "packages": {
    "specifiers": {
      "npm:lucia@2.7.4": "npm:lucia@2.7.4",
      "npm:lucia@3.0.0-beta.12": "npm:lucia@3.0.0-beta.12"
    },
    "npm": {
      "@node-rs/argon2-android-arm-eabi@1.5.2": {
        "integrity": "sha512-vVZec4ITr9GumAy0p8Zj8ozie362gtbZrTkLp9EqvuFZ/HrZzR09uS2IsDgm4mAstg/rc4A1gLRrHI8jDdbjkA==",
        "dependencies": {}
      },
      "@node-rs/argon2-android-arm64@1.5.2": {
        "integrity": "sha512-SwhnsXyrpgtWDTwYds1WUnxLA/kVP8HVaImYwQ3Wemqj1lkzcSoIaNyjNWkyrYGqO1tVc1YUrqsbd5eCHh+3sg==",
        "dependencies": {}
      },
      "@node-rs/argon2-darwin-arm64@1.5.2": {
        "integrity": "sha512-+1ZMKiCCv2pip/o1Xg09piQru2LOIBPQ1vS4is86f55N3jjZnSfP+db5mYCSRuB0gRYqui98he7su7OGXlF4gQ==",
        "dependencies": {}
      },
      "@node-rs/argon2-darwin-x64@1.5.2": {
        "integrity": "sha512-mQ57mORlsxpfjcEsVpiHyHCOp6Ljrz/rVNWk8ihnPWw0qt0EqF1zbHRxTEPemL1iBHL9UyXpXrKS4JKq6xMn5w==",
        "dependencies": {}
      },
      "@node-rs/argon2-freebsd-x64@1.5.2": {
        "integrity": "sha512-UjKbFd3viYcpiwflkU4haEdNUMk1V2fVCJImWLWQns/hVval9BrDv5xsBwgdynbPHDlPOiWj816LBQwhWLGVWA==",
        "dependencies": {}
      },
      "@node-rs/argon2-linux-arm-gnueabihf@1.5.2": {
        "integrity": "sha512-36GJjJBnVuscV9CTn8RVDeJysnmIzr6Lp7QBCDczYHi6eKFuA8udCJb4SRyJqdvIuzycKG1RL56FbcFBJYCYIA==",
        "dependencies": {}
      },
      "@node-rs/argon2-linux-arm64-gnu@1.5.2": {
        "integrity": "sha512-sE0ydb2gp6xC+5vbVz8l3paaiBbFQIB2Rwp5wx9MmKiYdTfcO5WkGeADuSgoFiTcSEz1RsHXqrdVy6j/LtSqtA==",
        "dependencies": {}
      },
      "@node-rs/argon2-linux-arm64-musl@1.5.2": {
        "integrity": "sha512-LhE0YHB0aJCwlbsQrwePik/KFWUc9qMriJIL5KiejK3bDoTVY4ihH587QT56JyaLvl3nBJaAV8l5yMqQdHnouA==",
        "dependencies": {}
      },
      "@node-rs/argon2-linux-x64-gnu@1.5.2": {
        "integrity": "sha512-MnKLiBlyg05pxvKXe3lNgBL9El9ThD74hvVEiWH1Xk40RRrJ507NCOWXVmQ0FDq1mjTeGFxbIvk+AcoF0NSLIQ==",
        "dependencies": {}
      },
      "@node-rs/argon2-linux-x64-musl@1.5.2": {
        "integrity": "sha512-tzLgASY0Ng2OTW7Awwl9UWzjbWx8/uD6gXcZ/k/nYGSZE5Xp8EOD2NUqHLbK6KZE3775A0R25ShpiSxCadYqkg==",
        "dependencies": {}
      },
      "@node-rs/argon2-win32-arm64-msvc@1.5.2": {
        "integrity": "sha512-vpTwSvv3oUXTpWZh0/HxdJ5wFMlmS7aVDwL4ATWepTZhMG4n+TO0+tVLdcPHCbg0oc6hCWBjWNPlSn9mW+YIgA==",
        "dependencies": {}
      },
      "@node-rs/argon2-win32-ia32-msvc@1.5.2": {
        "integrity": "sha512-KPpZR15ui7uQWQXKmtaKyUQRs4UJdXnIIfiyFLGmLWCdEKlr3MtIGFt0fdziu4BF5ZObD8Ic6QvT0VXK4OJiww==",
        "dependencies": {}
      },
      "@node-rs/argon2-win32-x64-msvc@1.5.2": {
        "integrity": "sha512-/pGuwixJS8ZlpwhX9iM6g6JEeZYo1TtnNf8exwsOi7gxcUoTUfw5it+5GfbY/n+xRBz/DIU4bzUmXmh+7Gh0ug==",
        "dependencies": {}
      },
      "@node-rs/argon2@1.5.2": {
        "integrity": "sha512-qq7wOSsdP2b4rXEapWNmsCjpaTGZWtp9kZmri98GYCDZqN8UJUG5zSue4XtYWWJMWKJVE/hkaIwk+BgN1ZUn0Q==",
        "dependencies": {
          "@node-rs/argon2-android-arm-eabi": "@node-rs/argon2-android-arm-eabi@1.5.2",
          "@node-rs/argon2-android-arm64": "@node-rs/argon2-android-arm64@1.5.2",
          "@node-rs/argon2-darwin-arm64": "@node-rs/argon2-darwin-arm64@1.5.2",
          "@node-rs/argon2-darwin-x64": "@node-rs/argon2-darwin-x64@1.5.2",
          "@node-rs/argon2-freebsd-x64": "@node-rs/argon2-freebsd-x64@1.5.2",
          "@node-rs/argon2-linux-arm-gnueabihf": "@node-rs/argon2-linux-arm-gnueabihf@1.5.2",
          "@node-rs/argon2-linux-arm64-gnu": "@node-rs/argon2-linux-arm64-gnu@1.5.2",
          "@node-rs/argon2-linux-arm64-musl": "@node-rs/argon2-linux-arm64-musl@1.5.2",
          "@node-rs/argon2-linux-x64-gnu": "@node-rs/argon2-linux-x64-gnu@1.5.2",
          "@node-rs/argon2-linux-x64-musl": "@node-rs/argon2-linux-x64-musl@1.5.2",
          "@node-rs/argon2-win32-arm64-msvc": "@node-rs/argon2-win32-arm64-msvc@1.5.2",
          "@node-rs/argon2-win32-ia32-msvc": "@node-rs/argon2-win32-ia32-msvc@1.5.2",
          "@node-rs/argon2-win32-x64-msvc": "@node-rs/argon2-win32-x64-msvc@1.5.2"
        }
      },
      "@node-rs/bcrypt-android-arm-eabi@1.7.3": {
        "integrity": "sha512-l53RuBqnqNvBN2jx09Ws6jpLmuQdSDx10n0GeaTfwh1svxsC8bPpVmxkfBExsT2Tu7KF38gTnPZvwsxysZQyPQ==",
        "dependencies": {}
      },
      "@node-rs/bcrypt-android-arm64@1.7.3": {
        "integrity": "sha512-TZpm4VbiViqDMvusrcYzLr1b1M5FDF0cDNiTUciLeBSsKtU5lNdEZGAU7gvCnrKoUWpGuOblHU7613zuB7SiNQ==",
        "dependencies": {}
      },
      "@node-rs/bcrypt-darwin-arm64@1.7.3": {
        "integrity": "sha512-SiUuAabynVsmixZMjh5xrn8w47EnV0HzbW9st4DPoVhn/wzdUcksIXDY75aoQG2EIzKLN8IGb+CIVnPGmRyhxw==",
        "dependencies": {}
      },
      "@node-rs/bcrypt-darwin-x64@1.7.3": {
        "integrity": "sha512-R+81Z0eX4hZPvCXY5Z6l0l+JrTU3WcSYGHP0QYV9uwdaafOz6EhrCXUzZ02AIcAbNoVR8eucYVruq9PiasXoVw==",
        "dependencies": {}
      },
      "@node-rs/bcrypt-freebsd-x64@1.7.3": {
        "integrity": "sha512-0pItU/5K3e83JjcJj9fZv+78txUoZ3hHCT7n/UMdu9mkpUzhX/rqb4jmQpJpD+UQoR76xp3qDo5RMgQBffBVNg==",
        "dependencies": {}
      },
      "@node-rs/bcrypt-linux-arm-gnueabihf@1.7.3": {
        "integrity": "sha512-HTSybWUjNe8rWuXkTkMeFDiQNHc6VioRcgv6AeHZphIxiT6dFbnhXNkfz4Hr0zxvyPhZ3NrYjT2AmPVFT6VW3Q==",
        "dependencies": {}
      },
      "@node-rs/bcrypt-linux-arm64-gnu@1.7.3": {
        "integrity": "sha512-rWep6Y+v/c4bZHaM8LmSsrMwMmDR9wG4/q+3Z9VzR8xdnt5VCbuQdYWpf3sgGRGjTRdTBAdSK8x1reOjqsJ3Jg==",
        "dependencies": {}
      },
      "@node-rs/bcrypt-linux-arm64-musl@1.7.3": {
        "integrity": "sha512-TyWEKhxr+yfGcMKzVV/ARZw+Hrky2yl91bo0XYU2ZW6I6LDC0emNsXugdWjwz8ADI4OWhhrOjXD8GCilxiB2Rg==",
        "dependencies": {}
      },
      "@node-rs/bcrypt-linux-x64-gnu@1.7.3": {
        "integrity": "sha512-PofxM1Qg7tZKj1oP0I7tBTSSLr8Xc2uxx+P3pBCPmYzaBwWqGteNHJlF7n2q5xiH7YOlguH4w5CmcEjsiA3K4A==",
        "dependencies": {}
      },
      "@node-rs/bcrypt-linux-x64-musl@1.7.3": {
        "integrity": "sha512-D5V6/dDVKP8S/ieDBLGhTn4oTo3upbrpWInynbhOMjJvPiIxVG1PiI3MXkWBtG9qtfleDk7gUkEKtAOxlIxDTQ==",
        "dependencies": {}
      },
      "@node-rs/bcrypt-win32-arm64-msvc@1.7.3": {
        "integrity": "sha512-b4gH2Yj5R4TwULrfMHd1Qqr+MrnFjVRUAJujDKPqi+PppSqezW8QF6DRSOL4GjnBmz5JEd64wxgeidvy7dsbGw==",
        "dependencies": {}
      },
      "@node-rs/bcrypt-win32-ia32-msvc@1.7.3": {
        "integrity": "sha512-E91ro+ybI0RhNc89aGaZQGll0YhPoHr8JacoWrNKwhg9zwNOYeuO0tokdMZdm6nF0/8obll0Mq7wO9AXO9iffw==",
        "dependencies": {}
      },
      "@node-rs/bcrypt-win32-x64-msvc@1.7.3": {
        "integrity": "sha512-LO/p9yjPODj/pQvPnowBuwpDdqiyUXQbqL1xb1RSP3NoyCFAGmjL5h0plSQrhLh8hskQiozBRXNaQurtsM7o0Q==",
        "dependencies": {}
      },
      "@node-rs/bcrypt@1.7.3": {
        "integrity": "sha512-BF6u9CBPUiyk1zU+5iwikezf+xM4MFSu5cmrrg/PLKffGgIM13ZsY6DHftcTraETB04ryasjM/5IejotH+sO5Q==",
        "dependencies": {
          "@node-rs/bcrypt-android-arm-eabi": "@node-rs/bcrypt-android-arm-eabi@1.7.3",
          "@node-rs/bcrypt-android-arm64": "@node-rs/bcrypt-android-arm64@1.7.3",
          "@node-rs/bcrypt-darwin-arm64": "@node-rs/bcrypt-darwin-arm64@1.7.3",
          "@node-rs/bcrypt-darwin-x64": "@node-rs/bcrypt-darwin-x64@1.7.3",
          "@node-rs/bcrypt-freebsd-x64": "@node-rs/bcrypt-freebsd-x64@1.7.3",
          "@node-rs/bcrypt-linux-arm-gnueabihf": "@node-rs/bcrypt-linux-arm-gnueabihf@1.7.3",
          "@node-rs/bcrypt-linux-arm64-gnu": "@node-rs/bcrypt-linux-arm64-gnu@1.7.3",
          "@node-rs/bcrypt-linux-arm64-musl": "@node-rs/bcrypt-linux-arm64-musl@1.7.3",
          "@node-rs/bcrypt-linux-x64-gnu": "@node-rs/bcrypt-linux-x64-gnu@1.7.3",
          "@node-rs/bcrypt-linux-x64-musl": "@node-rs/bcrypt-linux-x64-musl@1.7.3",
          "@node-rs/bcrypt-win32-arm64-msvc": "@node-rs/bcrypt-win32-arm64-msvc@1.7.3",
          "@node-rs/bcrypt-win32-ia32-msvc": "@node-rs/bcrypt-win32-ia32-msvc@1.7.3",
          "@node-rs/bcrypt-win32-x64-msvc": "@node-rs/bcrypt-win32-x64-msvc@1.7.3"
        }
      },
      "lucia@2.7.4": {
        "integrity": "sha512-do6Aah5kX2DUl7N0CvELWV1/b+qZGF0AUmUrkthYeNfXfgx4RAkWi4BkAlgGDBB/0c1WApb18mUD1pA5qTaWmw==",
        "dependencies": {}
      },
      "lucia@3.0.0-beta.12": {
        "integrity": "sha512-BqazR0IVm5xfURR6G+mjcL77ttDHTdX+qWqaHP121fKIU27rYqUBTAxVYP3252W3gDblFmSYlnhxzkJzI+z/dw==",
        "dependencies": {
          "oslo": "oslo@0.23.5"
        }
      },
      "oslo@0.23.5": {
        "integrity": "sha512-G+q/MkR0IPaUA1+FpHL0pneAHJzhNpg9P4VXASy4JQy1KGFyfhi30DphVHYNKQC+C05VhDi/sTGdOX+yfcrT3g==",
        "dependencies": {
          "@node-rs/argon2": "@node-rs/argon2@1.5.2",
          "@node-rs/bcrypt": "@node-rs/bcrypt@1.7.3"
        }
      }
    }
  },
  "remote": {}
}
